{
  "requires": true,
  "lockfileVersion": 1,
  "dependencies": {
    "@splidejs/splide": {
      "version": "3.2.7",
      "resolved": "https://registry.npmjs.org/@splidejs/splide/-/splide-3.2.7.tgz",
      "integrity": "sha512-Y25B7TJ3yLgvV3N5RrE9QsJxPyB7WfHnfmSlsN/SeX++Q9g1NyfgxqbmrZoCkcpqBynMLuZ/vCT77rAEI6ILzg=="
    }
  }
}
